PODS:
  - Alamofire (4.5.0)
  - Nimble (6.0.1)
  - OHHTTPStubs (6.0.0):
    - OHHTTPStubs/Default (= 6.0.0)
  - OHHTTPStubs/Core (6.0.0)
  - OHHTTPStubs/Default (6.0.0):
    - OHHTTPStubs/Core
    - OHHTTPStubs/JSON
    - OHHTTPStubs/NSURLSession
    - OHHTTPStubs/OHPathHelpers
  - OHHTTPStubs/JSON (6.0.0):
    - OHHTTPStubs/Core
  - OHHTTPStubs/NSURLSession (6.0.0):
    - OHHTTPStubs/Core
  - OHHTTPStubs/OHPathHelpers (6.0.0)
  - OHHTTPStubs/Swift (6.0.0):
    - OHHTTPStubs/Default
  - ReactiveCocoa (6.0.0):
    - ReactiveSwift (~> 2.0)
  - ReactiveSwift (2.0.0):
    - Result (~> 3.2)
  - Result (3.2.3)
  - SwiftyBeaver (1.3.0)
  - SwiftyJSON (3.1.4)
  - Swinject (2.1.0)

DEPENDENCIES:
  - Alamofire (~> 4.4)
  - Nimble (~> 6.0.0)
  - OHHTTPStubs
  - OHHTTPStubs/Swift
  - ReactiveCocoa (~> 6.0)
  - SwiftyBeaver
  - SwiftyJSON
  - Swinject (~> 2.1.0)

SPEC CHECKSUMS:
  Alamofire: f28cdffd29de33a7bfa022cbd63ae95a27fae140
  Nimble: 1527fd1bd2b4cf0636251a36bc8ab37e81da8347
  OHHTTPStubs: 752f9b11fd810a15162d50f11c06ff94f8e012eb
  ReactiveCocoa: ca689e37b6a922f0273918220d735c43368de550
  ReactiveSwift: 36339167e571774d936482d0f6512f5118a74731
  Result: 128640a6347e8d2ae48b142556739a2d13f90ce6
  SwiftyBeaver: d4b551ba34b4206c52cc4684ae90444b8aaa5afd
  SwiftyJSON: c2842d878f95482ffceec5709abc3d05680c0220
  Swinject: 85e468ac75c5c2d234076f98c591d57d56bc64bc

PODFILE CHECKSUM: 24e05ad9fe3b47b07af0b7807a5b0fe4c422beb7

COCOAPODS: 1.2.1
