PODS:
  - AffdexSDK-iOS (3.2.0):
    - AWSKinesis
  - Alamofire (4.5.1)
  - Appsee (2.3.5)
  - AWSCore (2.6.1)
  - AWSKinesis (2.6.1):
    - AWSCore (= 2.6.1)
  - Crashlytics (3.8.6):
    - Fabric (~> 1.6.3)
  - Fabric (1.6.13)
  - KeychainAccess (3.1.0)
  - KIF (3.6.0):
    - KIF/Core (= 3.6.0)
  - KIF/Core (3.6.0)
  - Kingfisher (3.13.1)
  - Nimble (7.0.1)
  - OHHTTPStubs (6.0.0):
    - OHHTTPStubs/Default (= 6.0.0)
  - OHHTTPStubs/Core (6.0.0)
  - OHHTTPStubs/Default (6.0.0):
    - OHHTTPStubs/Core
    - OHHTTPStubs/JSON
    - OHHTTPStubs/NSURLSession
    - OHHTTPStubs/OHPathHelpers
  - OHHTTPStubs/JSON (6.0.0):
    - OHHTTPStubs/Core
  - OHHTTPStubs/NSURLSession (6.0.0):
    - OHHTTPStubs/Core
  - OHHTTPStubs/OHPathHelpers (6.0.0)
  - OHHTTPStubs/Swift (6.0.0):
    - OHHTTPStubs/Default
  - PhoneNumberKit (2.0.0):
    - PhoneNumberKit/PhoneNumberKitCore (= 2.0.0)
    - PhoneNumberKit/UIKit (= 2.0.0)
  - PhoneNumberKit/PhoneNumberKitCore (2.0.0)
  - PhoneNumberKit/UIKit (2.0.0):
    - PhoneNumberKit/PhoneNumberKitCore
  - ReactiveCocoa (6.0.2):
    - ReactiveSwift (~> 2.0)
  - ReactiveSwift (2.0.1):
    - Result (~> 3.2)
  - Result (3.2.3)
  - SwiftyBeaver (1.4.1)
  - SwiftyJSON (3.1.4)

DEPENDENCIES:
  - AffdexSDK-iOS
  - Alamofire (~> 4.4)
  - Appsee
  - Crashlytics
  - Fabric
  - KeychainAccess
  - KIF
  - Kingfisher (~> 3.0)
  - Nimble (~> 7.0.1)
  - OHHTTPStubs
  - OHHTTPStubs/Swift
  - PhoneNumberKit
  - ReactiveCocoa (~> 6.0)
  - SwiftyBeaver
  - SwiftyJSON

SPEC CHECKSUMS:
  AffdexSDK-iOS: 6c81dfdc813507de029584291c7d08a1a983e376
  Alamofire: 2d95912bf4c34f164fdfc335872e8c312acaea4a
  Appsee: 7643d74bad4921c4df40e6977c756909365bd851
  AWSCore: e7d37fa0715def975acf1b0d75556576780088b8
  AWSKinesis: c63805f4fe943515e0291532cf6ff7f4269002ef
  Crashlytics: 95d05f4e4c19a771250c4bd9ce344d996de32bbf
  Fabric: 2fb5676bc811af011a04513451f463dac6803206
  KeychainAccess: 94c5540b32eabf7bc32bfb976a268e8ea05fd6da
  KIF: bd770edd8ce49bc7308501e4871e58a02d137be3
  Kingfisher: ed9707a409cc47fddafbcd12a43a9757e3600af5
  Nimble: 657d000e11df8aebe27cdaf9d244de7f30ed87f7
  OHHTTPStubs: 752f9b11fd810a15162d50f11c06ff94f8e012eb
  PhoneNumberKit: 073b3cef30c2a64ddcd623ea5953bc84bb5b3fc4
  ReactiveCocoa: 9dcbd8275374f35a6e5fcce01a93b860a7b92c44
  ReactiveSwift: 60a29ff35988a964fd2bb759755cb6594de523fc
  Result: 128640a6347e8d2ae48b142556739a2d13f90ce6
  SwiftyBeaver: f04f739cca6826c5fb0f575fed8fa3293f76b83e
  SwiftyJSON: c2842d878f95482ffceec5709abc3d05680c0220

PODFILE CHECKSUM: 077b7da08d3906a27d50e893226d5c0f48df5040

COCOAPODS: 1.3.1
